// !$*UTF8*$!
{
	archiveVersion = 1;
	classes = {
	};
	objectVersion = 51;
	objects = {

/* Begin PBXBuildFile section */
		467091EE266DA309004962B4 /* AppDelegate.m in Sources */ = {isa = PBXBuildFile; fileRef = 467091ED266DA309004962B4 /* AppDelegate.m */; };
		467091F1266DA309004962B4 /* SceneDelegate.m in Sources */ = {isa = PBXBuildFile; fileRef = 467091F0266DA309004962B4 /* SceneDelegate.m */; };
		467091F7266DA309004962B4 /* Main.storyboard in Resources */ = {isa = PBXBuildFile; fileRef = 467091F5266DA309004962B4 /* Main.storyboard */; };
		467091F9266DA30B004962B4 /* Assets.xcassets in Resources */ = {isa = PBXBuildFile; fileRef = 467091F8266DA30B004962B4 /* Assets.xcassets */; };
		467091FC266DA30B004962B4 /* LaunchScreen.storyboard in Resources */ = {isa = PBXBuildFile; fileRef = 467091FA266DA30B004962B4 /* LaunchScreen.storyboard */; };
		467091FF266DA30B004962B4 /* main.m in Sources */ = {isa = PBXBuildFile; fileRef = 467091FE266DA30B004962B4 /* main.m */; };
		46709209266DA30C004962B4 /* FlixObjCTests.m in Sources */ = {isa = PBXBuildFile; fileRef = 46709208266DA30C004962B4 /* FlixObjCTests.m */; };
		46709214266DA30C004962B4 /* FlixObjCUITests.m in Sources */ = {isa = PBXBuildFile; fileRef = 46709213266DA30C004962B4 /* FlixObjCUITests.m */; };
		46709223266DAAD9004962B4 /* MoviesViewController.m in Sources */ = {isa = PBXBuildFile; fileRef = 46709222266DAAD9004962B4 /* MoviesViewController.m */; };
		46709229266DB969004962B4 /* MovieCell.m in Sources */ = {isa = PBXBuildFile; fileRef = 46709228266DB969004962B4 /* MovieCell.m */; };
		4670922C26716268004962B4 /* MovieDetailsViewController.m in Sources */ = {isa = PBXBuildFile; fileRef = 4670922B26716268004962B4 /* MovieDetailsViewController.m */; };
		4670922F2671AF2F004962B4 /* MoviesGridViewController.m in Sources */ = {isa = PBXBuildFile; fileRef = 4670922E2671AF2F004962B4 /* MoviesGridViewController.m */; };
		467092322671B142004962B4 /* MovieCollectionCell.m in Sources */ = {isa = PBXBuildFile; fileRef = 467092312671B142004962B4 /* MovieCollectionCell.m */; };
		467092352671D43C004962B4 /* SearchCollectionReusableView.m in Sources */ = {isa = PBXBuildFile; fileRef = 467092342671D43C004962B4 /* SearchCollectionReusableView.m */; };
		467092382671E43F004962B4 /* TrailerViewController.m in Sources */ = {isa = PBXBuildFile; fileRef = 467092372671E43F004962B4 /* TrailerViewController.m */; };
		4670923A2671E505004962B4 /* WebKit.framework in Frameworks */ = {isa = PBXBuildFile; fileRef = 467092392671E505004962B4 /* WebKit.framework */; };
		68D7C3F57F06C41B1DB6ED58 /* Pods_FlixObjC_FlixObjCUITests.framework in Frameworks */ = {isa = PBXBuildFile; fileRef = 14C9D2BFC93875AD4A1EBC2C /* Pods_FlixObjC_FlixObjCUITests.framework */; };
		B9E96660B8D4E8F97FEAAC50 /* Pods_FlixObjCTests.framework in Frameworks */ = {isa = PBXBuildFile; fileRef = 8B5BAD28AAC76F8E572BBBA0 /* Pods_FlixObjCTests.framework */; };
		FC1A2203B69EA94DC4C1E7AC /* Pods_FlixObjC.framework in Frameworks */ = {isa = PBXBuildFile; fileRef = 519B8B04F29A198263DBB24F /* Pods_FlixObjC.framework */; };
/* End PBXBuildFile section */

/* Begin PBXContainerItemProxy section */
		46709205266DA30C004962B4 /* PBXContainerItemProxy */ = {
			isa = PBXContainerItemProxy;
			containerPortal = 467091E1266DA309004962B4 /* Project object */;
			proxyType = 1;
			remoteGlobalIDString = 467091E8266DA309004962B4;
			remoteInfo = FlixObjC;
		};
		46709210266DA30C004962B4 /* PBXContainerItemProxy */ = {
			isa = PBXContainerItemProxy;
			containerPortal = 467091E1266DA309004962B4 /* Project object */;
			proxyType = 1;
			remoteGlobalIDString = 467091E8266DA309004962B4;
			remoteInfo = FlixObjC;
		};
/* End PBXContainerItemProxy section */

/* Begin PBXFileReference section */
		0AA2B85ECE5D9667B07ACB51 /* Pods-FlixObjC-FlixObjCUITests.debug.xcconfig */ = {isa = PBXFileReference; includeInIndex = 1; lastKnownFileType = text.xcconfig; name = "Pods-FlixObjC-FlixObjCUITests.debug.xcconfig"; path = "Target Support Files/Pods-FlixObjC-FlixObjCUITests/Pods-FlixObjC-FlixObjCUITests.debug.xcconfig"; sourceTree = "<group>"; };
		14C9D2BFC93875AD4A1EBC2C /* Pods_FlixObjC_FlixObjCUITests.framework */ = {isa = PBXFileReference; explicitFileType = wrapper.framework; includeInIndex = 0; path = Pods_FlixObjC_FlixObjCUITests.framework; sourceTree = BUILT_PRODUCTS_DIR; };
		467091E9266DA309004962B4 /* FlixObjC.app */ = {isa = PBXFileReference; explicitFileType = wrapper.application; includeInIndex = 0; path = FlixObjC.app; sourceTree = BUILT_PRODUCTS_DIR; };
		467091EC266DA309004962B4 /* AppDelegate.h */ = {isa = PBXFileReference; lastKnownFileType = sourcecode.c.h; path = AppDelegate.h; sourceTree = "<group>"; };
		467091ED266DA309004962B4 /* AppDelegate.m */ = {isa = PBXFileReference; lastKnownFileType = sourcecode.c.objc; path = AppDelegate.m; sourceTree = "<group>"; };
		467091EF266DA309004962B4 /* SceneDelegate.h */ = {isa = PBXFileReference; lastKnownFileType = sourcecode.c.h; path = SceneDelegate.h; sourceTree = "<group>"; };
		467091F0266DA309004962B4 /* SceneDelegate.m */ = {isa = PBXFileReference; lastKnownFileType = sourcecode.c.objc; path = SceneDelegate.m; sourceTree = "<group>"; };
		467091F6266DA309004962B4 /* Base */ = {isa = PBXFileReference; lastKnownFileType = file.storyboard; name = Base; path = Base.lproj/Main.storyboard; sourceTree = "<group>"; };
		467091F8266DA30B004962B4 /* Assets.xcassets */ = {isa = PBXFileReference; lastKnownFileType = folder.assetcatalog; path = Assets.xcassets; sourceTree = "<group>"; };
		467091FB266DA30B004962B4 /* Base */ = {isa = PBXFileReference; lastKnownFileType = file.storyboard; name = Base; path = Base.lproj/LaunchScreen.storyboard; sourceTree = "<group>"; };
		467091FD266DA30B004962B4 /* Info.plist */ = {isa = PBXFileReference; lastKnownFileType = text.plist.xml; path = Info.plist; sourceTree = "<group>"; };
		467091FE266DA30B004962B4 /* main.m */ = {isa = PBXFileReference; lastKnownFileType = sourcecode.c.objc; path = main.m; sourceTree = "<group>"; };
		46709204266DA30C004962B4 /* FlixObjCTests.xctest */ = {isa = PBXFileReference; explicitFileType = wrapper.cfbundle; includeInIndex = 0; path = FlixObjCTests.xctest; sourceTree = BUILT_PRODUCTS_DIR; };
		46709208266DA30C004962B4 /* FlixObjCTests.m */ = {isa = PBXFileReference; lastKnownFileType = sourcecode.c.objc; path = FlixObjCTests.m; sourceTree = "<group>"; };
		4670920A266DA30C004962B4 /* Info.plist */ = {isa = PBXFileReference; lastKnownFileType = text.plist.xml; path = Info.plist; sourceTree = "<group>"; };
		4670920F266DA30C004962B4 /* FlixObjCUITests.xctest */ = {isa = PBXFileReference; explicitFileType = wrapper.cfbundle; includeInIndex = 0; path = FlixObjCUITests.xctest; sourceTree = BUILT_PRODUCTS_DIR; };
		46709213266DA30C004962B4 /* FlixObjCUITests.m */ = {isa = PBXFileReference; lastKnownFileType = sourcecode.c.objc; path = FlixObjCUITests.m; sourceTree = "<group>"; };
		46709215266DA30C004962B4 /* Info.plist */ = {isa = PBXFileReference; lastKnownFileType = text.plist.xml; path = Info.plist; sourceTree = "<group>"; };
		46709221266DAAD9004962B4 /* MoviesViewController.h */ = {isa = PBXFileReference; lastKnownFileType = sourcecode.c.h; path = MoviesViewController.h; sourceTree = "<group>"; };
		46709222266DAAD9004962B4 /* MoviesViewController.m */ = {isa = PBXFileReference; lastKnownFileType = sourcecode.c.objc; path = MoviesViewController.m; sourceTree = "<group>"; };
		46709227266DB969004962B4 /* MovieCell.h */ = {isa = PBXFileReference; lastKnownFileType = sourcecode.c.h; path = MovieCell.h; sourceTree = "<group>"; };
		46709228266DB969004962B4 /* MovieCell.m */ = {isa = PBXFileReference; lastKnownFileType = sourcecode.c.objc; path = MovieCell.m; sourceTree = "<group>"; };
		4670922A26716268004962B4 /* MovieDetailsViewController.h */ = {isa = PBXFileReference; lastKnownFileType = sourcecode.c.h; path = MovieDetailsViewController.h; sourceTree = "<group>"; };
		4670922B26716268004962B4 /* MovieDetailsViewController.m */ = {isa = PBXFileReference; lastKnownFileType = sourcecode.c.objc; path = MovieDetailsViewController.m; sourceTree = "<group>"; };
		4670922D2671AF2F004962B4 /* MoviesGridViewController.h */ = {isa = PBXFileReference; lastKnownFileType = sourcecode.c.h; path = MoviesGridViewController.h; sourceTree = "<group>"; };
		4670922E2671AF2F004962B4 /* MoviesGridViewController.m */ = {isa = PBXFileReference; lastKnownFileType = sourcecode.c.objc; path = MoviesGridViewController.m; sourceTree = "<group>"; };
		467092302671B142004962B4 /* MovieCollectionCell.h */ = {isa = PBXFileReference; lastKnownFileType = sourcecode.c.h; path = MovieCollectionCell.h; sourceTree = "<group>"; };
		467092312671B142004962B4 /* MovieCollectionCell.m */ = {isa = PBXFileReference; lastKnownFileType = sourcecode.c.objc; path = MovieCollectionCell.m; sourceTree = "<group>"; };
		467092332671D43C004962B4 /* SearchCollectionReusableView.h */ = {isa = PBXFileReference; lastKnownFileType = sourcecode.c.h; path = SearchCollectionReusableView.h; sourceTree = "<group>"; };
		467092342671D43C004962B4 /* SearchCollectionReusableView.m */ = {isa = PBXFileReference; lastKnownFileType = sourcecode.c.objc; path = SearchCollectionReusableView.m; sourceTree = "<group>"; };
		467092362671E43F004962B4 /* TrailerViewController.h */ = {isa = PBXFileReference; lastKnownFileType = sourcecode.c.h; path = TrailerViewController.h; sourceTree = "<group>"; };
		467092372671E43F004962B4 /* TrailerViewController.m */ = {isa = PBXFileReference; lastKnownFileType = sourcecode.c.objc; path = TrailerViewController.m; sourceTree = "<group>"; };
		467092392671E505004962B4 /* WebKit.framework */ = {isa = PBXFileReference; lastKnownFileType = wrapper.framework; name = WebKit.framework; path = System/Library/Frameworks/WebKit.framework; sourceTree = SDKROOT; };
		519B8B04F29A198263DBB24F /* Pods_FlixObjC.framework */ = {isa = PBXFileReference; explicitFileType = wrapper.framework; includeInIndex = 0; path = Pods_FlixObjC.framework; sourceTree = BUILT_PRODUCTS_DIR; };
		532DA082FC5A1B362A710ED2 /* Pods-FlixObjC-FlixObjCUITests.release.xcconfig */ = {isa = PBXFileReference; includeInIndex = 1; lastKnownFileType = text.xcconfig; name = "Pods-FlixObjC-FlixObjCUITests.release.xcconfig"; path = "Target Support Files/Pods-FlixObjC-FlixObjCUITests/Pods-FlixObjC-FlixObjCUITests.release.xcconfig"; sourceTree = "<group>"; };
		6642A1FA6AB21AFEA6AD2A7D /* Pods-FlixObjCTests.debug.xcconfig */ = {isa = PBXFileReference; includeInIndex = 1; lastKnownFileType = text.xcconfig; name = "Pods-FlixObjCTests.debug.xcconfig"; path = "Target Support Files/Pods-FlixObjCTests/Pods-FlixObjCTests.debug.xcconfig"; sourceTree = "<group>"; };
		7F0789AF926E0ABB2DBD282C /* Pods-FlixObjC.debug.xcconfig */ = {isa = PBXFileReference; includeInIndex = 1; lastKnownFileType = text.xcconfig; name = "Pods-FlixObjC.debug.xcconfig"; path = "Target Support Files/Pods-FlixObjC/Pods-FlixObjC.debug.xcconfig"; sourceTree = "<group>"; };
		8B5BAD28AAC76F8E572BBBA0 /* Pods_FlixObjCTests.framework */ = {isa = PBXFileReference; explicitFileType = wrapper.framework; includeInIndex = 0; path = Pods_FlixObjCTests.framework; sourceTree = BUILT_PRODUCTS_DIR; };
		A865345D65AC91043055FE34 /* Pods-FlixObjC.release.xcconfig */ = {isa = PBXFileReference; includeInIndex = 1; lastKnownFileType = text.xcconfig; name = "Pods-FlixObjC.release.xcconfig"; path = "Target Support Files/Pods-FlixObjC/Pods-FlixObjC.release.xcconfig"; sourceTree = "<group>"; };
		C2B0C8B6F4CE34B7667B76C1 /* Pods-FlixObjCTests.release.xcconfig */ = {isa = PBXFileReference; includeInIndex = 1; lastKnownFileType = text.xcconfig; name = "Pods-FlixObjCTests.release.xcconfig"; path = "Target Support Files/Pods-FlixObjCTests/Pods-FlixObjCTests.release.xcconfig"; sourceTree = "<group>"; };
/* End PBXFileReference section */

/* Begin PBXFrameworksBuildPhase section */
		467091E6266DA309004962B4 /* Frameworks */ = {
			isa = PBXFrameworksBuildPhase;
			buildActionMask = 2147483647;
			files = (
				4670923A2671E505004962B4 /* WebKit.framework in Frameworks */,
				FC1A2203B69EA94DC4C1E7AC /* Pods_FlixObjC.framework in Frameworks */,
			);
			runOnlyForDeploymentPostprocessing = 0;
		};
		46709201266DA30C004962B4 /* Frameworks */ = {
			isa = PBXFrameworksBuildPhase;
			buildActionMask = 2147483647;
			files = (
				B9E96660B8D4E8F97FEAAC50 /* Pods_FlixObjCTests.framework in Frameworks */,
			);
			runOnlyForDeploymentPostprocessing = 0;
		};
		4670920C266DA30C004962B4 /* Frameworks */ = {
			isa = PBXFrameworksBuildPhase;
			buildActionMask = 2147483647;
			files = (
				68D7C3F57F06C41B1DB6ED58 /* Pods_FlixObjC_FlixObjCUITests.framework in Frameworks */,
			);
			runOnlyForDeploymentPostprocessing = 0;
		};
/* End PBXFrameworksBuildPhase section */

/* Begin PBXGroup section */
		467091E0266DA309004962B4 = {
			isa = PBXGroup;
			children = (
				467091EB266DA309004962B4 /* FlixObjC */,
				46709207266DA30C004962B4 /* FlixObjCTests */,
				46709212266DA30C004962B4 /* FlixObjCUITests */,
				467091EA266DA309004962B4 /* Products */,
				95A15969838EF8E172C6E244 /* Pods */,
				6D28871BF4AC469CEAC6CFF0 /* Frameworks */,
			);
			sourceTree = "<group>";
		};
		467091EA266DA309004962B4 /* Products */ = {
			isa = PBXGroup;
			children = (
				467091E9266DA309004962B4 /* FlixObjC.app */,
				46709204266DA30C004962B4 /* FlixObjCTests.xctest */,
				4670920F266DA30C004962B4 /* FlixObjCUITests.xctest */,
			);
			name = Products;
			sourceTree = "<group>";
		};
		467091EB266DA309004962B4 /* FlixObjC */ = {
			isa = PBXGroup;
			children = (
				46709226266DAB4F004962B4 /* Controllers */,
				46709225266DAB46004962B4 /* Views */,
				46709224266DAB3D004962B4 /* Models */,
				467091EC266DA309004962B4 /* AppDelegate.h */,
				467091ED266DA309004962B4 /* AppDelegate.m */,
				467091EF266DA309004962B4 /* SceneDelegate.h */,
				467091F0266DA309004962B4 /* SceneDelegate.m */,
				467091F5266DA309004962B4 /* Main.storyboard */,
				467091F8266DA30B004962B4 /* Assets.xcassets */,
				467091FA266DA30B004962B4 /* LaunchScreen.storyboard */,
				467091FD266DA30B004962B4 /* Info.plist */,
				467091FE266DA30B004962B4 /* main.m */,
			);
			path = FlixObjC;
			sourceTree = "<group>";
		};
		46709207266DA30C004962B4 /* FlixObjCTests */ = {
			isa = PBXGroup;
			children = (
				46709208266DA30C004962B4 /* FlixObjCTests.m */,
				4670920A266DA30C004962B4 /* Info.plist */,
			);
			path = FlixObjCTests;
			sourceTree = "<group>";
		};
		46709212266DA30C004962B4 /* FlixObjCUITests */ = {
			isa = PBXGroup;
			children = (
				46709213266DA30C004962B4 /* FlixObjCUITests.m */,
				46709215266DA30C004962B4 /* Info.plist */,
			);
			path = FlixObjCUITests;
			sourceTree = "<group>";
		};
		46709224266DAB3D004962B4 /* Models */ = {
			isa = PBXGroup;
			children = (
			);
			path = Models;
			sourceTree = "<group>";
		};
		46709225266DAB46004962B4 /* Views */ = {
			isa = PBXGroup;
			children = (
				46709227266DB969004962B4 /* MovieCell.h */,
				46709228266DB969004962B4 /* MovieCell.m */,
				467092302671B142004962B4 /* MovieCollectionCell.h */,
				467092312671B142004962B4 /* MovieCollectionCell.m */,
				467092332671D43C004962B4 /* SearchCollectionReusableView.h */,
				467092342671D43C004962B4 /* SearchCollectionReusableView.m */,
			);
			path = Views;
			sourceTree = "<group>";
		};
		46709226266DAB4F004962B4 /* Controllers */ = {
			isa = PBXGroup;
			children = (
				46709221266DAAD9004962B4 /* MoviesViewController.h */,
				46709222266DAAD9004962B4 /* MoviesViewController.m */,
				4670922A26716268004962B4 /* MovieDetailsViewController.h */,
				4670922B26716268004962B4 /* MovieDetailsViewController.m */,
				4670922D2671AF2F004962B4 /* MoviesGridViewController.h */,
				4670922E2671AF2F004962B4 /* MoviesGridViewController.m */,
				467092362671E43F004962B4 /* TrailerViewController.h */,
				467092372671E43F004962B4 /* TrailerViewController.m */,
			);
			path = Controllers;
			sourceTree = "<group>";
		};
		6D28871BF4AC469CEAC6CFF0 /* Frameworks */ = {
			isa = PBXGroup;
			children = (
				467092392671E505004962B4 /* WebKit.framework */,
				519B8B04F29A198263DBB24F /* Pods_FlixObjC.framework */,
				14C9D2BFC93875AD4A1EBC2C /* Pods_FlixObjC_FlixObjCUITests.framework */,
				8B5BAD28AAC76F8E572BBBA0 /* Pods_FlixObjCTests.framework */,
			);
			name = Frameworks;
			sourceTree = "<group>";
		};
		95A15969838EF8E172C6E244 /* Pods */ = {
			isa = PBXGroup;
			children = (
				7F0789AF926E0ABB2DBD282C /* Pods-FlixObjC.debug.xcconfig */,
				A865345D65AC91043055FE34 /* Pods-FlixObjC.release.xcconfig */,
				0AA2B85ECE5D9667B07ACB51 /* Pods-FlixObjC-FlixObjCUITests.debug.xcconfig */,
				532DA082FC5A1B362A710ED2 /* Pods-FlixObjC-FlixObjCUITests.release.xcconfig */,
				6642A1FA6AB21AFEA6AD2A7D /* Pods-FlixObjCTests.debug.xcconfig */,
				C2B0C8B6F4CE34B7667B76C1 /* Pods-FlixObjCTests.release.xcconfig */,
			);
			path = Pods;
			sourceTree = "<group>";
		};
/* End PBXGroup section */

/* Begin PBXNativeTarget section */
		467091E8266DA309004962B4 /* FlixObjC */ = {
			isa = PBXNativeTarget;
			buildConfigurationList = 46709218266DA30C004962B4 /* Build configuration list for PBXNativeTarget "FlixObjC" */;
			buildPhases = (
				47B1EC1EFD34E9686FC90B08 /* [CP] Check Pods Manifest.lock */,
				467091E5266DA309004962B4 /* Sources */,
				467091E6266DA309004962B4 /* Frameworks */,
				467091E7266DA309004962B4 /* Resources */,
				1148C974E0697E1A29DA251F /* [CP] Embed Pods Frameworks */,
			);
			buildRules = (
			);
			dependencies = (
			);
			name = FlixObjC;
			productName = FlixObjC;
			productReference = 467091E9266DA309004962B4 /* FlixObjC.app */;
			productType = "com.apple.product-type.application";
		};
		46709203266DA30C004962B4 /* FlixObjCTests */ = {
			isa = PBXNativeTarget;
			buildConfigurationList = 4670921B266DA30C004962B4 /* Build configuration list for PBXNativeTarget "FlixObjCTests" */;
			buildPhases = (
				832273CC09B020910192DD3C /* [CP] Check Pods Manifest.lock */,
				46709200266DA30C004962B4 /* Sources */,
				46709201266DA30C004962B4 /* Frameworks */,
				46709202266DA30C004962B4 /* Resources */,
			);
			buildRules = (
			);
			dependencies = (
				46709206266DA30C004962B4 /* PBXTargetDependency */,
			);
			name = FlixObjCTests;
			productName = FlixObjCTests;
			productReference = 46709204266DA30C004962B4 /* FlixObjCTests.xctest */;
			productType = "com.apple.product-type.bundle.unit-test";
		};
		4670920E266DA30C004962B4 /* FlixObjCUITests */ = {
			isa = PBXNativeTarget;
			buildConfigurationList = 4670921E266DA30C004962B4 /* Build configuration list for PBXNativeTarget "FlixObjCUITests" */;
			buildPhases = (
				22B5115FDC4F2B98D2BD3017 /* [CP] Check Pods Manifest.lock */,
				4670920B266DA30C004962B4 /* Sources */,
				4670920C266DA30C004962B4 /* Frameworks */,
				4670920D266DA30C004962B4 /* Resources */,
				DACEE4256446FD9D1DC0F1DF /* [CP] Embed Pods Frameworks */,
			);
			buildRules = (
			);
			dependencies = (
				46709211266DA30C004962B4 /* PBXTargetDependency */,
			);
			name = FlixObjCUITests;
			productName = FlixObjCUITests;
			productReference = 4670920F266DA30C004962B4 /* FlixObjCUITests.xctest */;
			productType = "com.apple.product-type.bundle.ui-testing";
		};
/* End PBXNativeTarget section */

/* Begin PBXProject section */
		467091E1266DA309004962B4 /* Project object */ = {
			isa = PBXProject;
			attributes = {
				LastUpgradeCheck = 1250;
				TargetAttributes = {
					467091E8266DA309004962B4 = {
						CreatedOnToolsVersion = 12.5;
					};
					46709203266DA30C004962B4 = {
						CreatedOnToolsVersion = 12.5;
						TestTargetID = 467091E8266DA309004962B4;
					};
					4670920E266DA30C004962B4 = {
						CreatedOnToolsVersion = 12.5;
						TestTargetID = 467091E8266DA309004962B4;
					};
				};
			};
			buildConfigurationList = 467091E4266DA309004962B4 /* Build configuration list for PBXProject "FlixObjC" */;
			compatibilityVersion = "Xcode 9.3";
			developmentRegion = en;
			hasScannedForEncodings = 0;
			knownRegions = (
				en,
				Base,
			);
			mainGroup = 467091E0266DA309004962B4;
			productRefGroup = 467091EA266DA309004962B4 /* Products */;
			projectDirPath = "";
			projectRoot = "";
			targets = (
				467091E8266DA309004962B4 /* FlixObjC */,
				46709203266DA30C004962B4 /* FlixObjCTests */,
				4670920E266DA30C004962B4 /* FlixObjCUITests */,
			);
		};
/* End PBXProject section */

/* Begin PBXResourcesBuildPhase section */
		467091E7266DA309004962B4 /* Resources */ = {
			isa = PBXResourcesBuildPhase;
			buildActionMask = 2147483647;
			files = (
				467091FC266DA30B004962B4 /* LaunchScreen.storyboard in Resources */,
				467091F9266DA30B004962B4 /* Assets.xcassets in Resources */,
				467091F7266DA309004962B4 /* Main.storyboard in Resources */,
			);
			runOnlyForDeploymentPostprocessing = 0;
		};
		46709202266DA30C004962B4 /* Resources */ = {
			isa = PBXResourcesBuildPhase;
			buildActionMask = 2147483647;
			files = (
			);
			runOnlyForDeploymentPostprocessing = 0;
		};
		4670920D266DA30C004962B4 /* Resources */ = {
			isa = PBXResourcesBuildPhase;
			buildActionMask = 2147483647;
			files = (
			);
			runOnlyForDeploymentPostprocessing = 0;
		};
/* End PBXResourcesBuildPhase section */

/* Begin PBXShellScriptBuildPhase section */
		1148C974E0697E1A29DA251F /* [CP] Embed Pods Frameworks */ = {
			isa = PBXShellScriptBuildPhase;
			buildActionMask = 2147483647;
			files = (
			);
			inputFileListPaths = (
				"${PODS_ROOT}/Target Support Files/Pods-FlixObjC/Pods-FlixObjC-frameworks-${CONFIGURATION}-input-files.xcfilelist",
			);
			name = "[CP] Embed Pods Frameworks";
			outputFileListPaths = (
				"${PODS_ROOT}/Target Support Files/Pods-FlixObjC/Pods-FlixObjC-frameworks-${CONFIGURATION}-output-files.xcfilelist",
			);
			runOnlyForDeploymentPostprocessing = 0;
			shellPath = /bin/sh;
			shellScript = "\"${PODS_ROOT}/Target Support Files/Pods-FlixObjC/Pods-FlixObjC-frameworks.sh\"\n";
			showEnvVarsInLog = 0;
		};
		22B5115FDC4F2B98D2BD3017 /* [CP] Check Pods Manifest.lock */ = {
			isa = PBXShellScriptBuildPhase;
			buildActionMask = 2147483647;
			files = (
			);
			inputFileListPaths = (
			);
			inputPaths = (
				"${PODS_PODFILE_DIR_PATH}/Podfile.lock",
				"${PODS_ROOT}/Manifest.lock",
			);
			name = "[CP] Check Pods Manifest.lock";
			outputFileListPaths = (
			);
			outputPaths = (
				"$(DERIVED_FILE_DIR)/Pods-FlixObjC-FlixObjCUITests-checkManifestLockResult.txt",
			);
			runOnlyForDeploymentPostprocessing = 0;
			shellPath = /bin/sh;
			shellScript = "diff \"${PODS_PODFILE_DIR_PATH}/Podfile.lock\" \"${PODS_ROOT}/Manifest.lock\" > /dev/null\nif [ $? != 0 ] ; then\n    # print error to STDERR\n    echo \"error: The sandbox is not in sync with the Podfile.lock. Run 'pod install' or update your CocoaPods installation.\" >&2\n    exit 1\nfi\n# This output is used by Xcode 'outputs' to avoid re-running this script phase.\necho \"SUCCESS\" > \"${SCRIPT_OUTPUT_FILE_0}\"\n";
			showEnvVarsInLog = 0;
		};
		47B1EC1EFD34E9686FC90B08 /* [CP] Check Pods Manifest.lock */ = {
			isa = PBXShellScriptBuildPhase;
			buildActionMask = 2147483647;
			files = (
			);
			inputFileListPaths = (
			);
			inputPaths = (
				"${PODS_PODFILE_DIR_PATH}/Podfile.lock",
				"${PODS_ROOT}/Manifest.lock",
			);
			name = "[CP] Check Pods Manifest.lock";
			outputFileListPaths = (
			);
			outputPaths = (
				"$(DERIVED_FILE_DIR)/Pods-FlixObjC-checkManifestLockResult.txt",
			);
			runOnlyForDeploymentPostprocessing = 0;
			shellPath = /bin/sh;
			shellScript = "diff \"${PODS_PODFILE_DIR_PATH}/Podfile.lock\" \"${PODS_ROOT}/Manifest.lock\" > /dev/null\nif [ $? != 0 ] ; then\n    # print error to STDERR\n    echo \"error: The sandbox is not in sync with the Podfile.lock. Run 'pod install' or update your CocoaPods installation.\" >&2\n    exit 1\nfi\n# This output is used by Xcode 'outputs' to avoid re-running this script phase.\necho \"SUCCESS\" > \"${SCRIPT_OUTPUT_FILE_0}\"\n";
			showEnvVarsInLog = 0;
		};
		832273CC09B020910192DD3C /* [CP] Check Pods Manifest.lock */ = {
			isa = PBXShellScriptBuildPhase;
			buildActionMask = 2147483647;
			files = (
			);
			inputFileListPaths = (
			);
			inputPaths = (
				"${PODS_PODFILE_DIR_PATH}/Podfile.lock",
				"${PODS_ROOT}/Manifest.lock",
			);
			name = "[CP] Check Pods Manifest.lock";
			outputFileListPaths = (
			);
			outputPaths = (
				"$(DERIVED_FILE_DIR)/Pods-FlixObjCTests-checkManifestLockResult.txt",
			);
			runOnlyForDeploymentPostprocessing = 0;
			shellPath = /bin/sh;
			shellScript = "diff \"${PODS_PODFILE_DIR_PATH}/Podfile.lock\" \"${PODS_ROOT}/Manifest.lock\" > /dev/null\nif [ $? != 0 ] ; then\n    # print error to STDERR\n    echo \"error: The sandbox is not in sync with the Podfile.lock. Run 'pod install' or update your CocoaPods installation.\" >&2\n    exit 1\nfi\n# This output is used by Xcode 'outputs' to avoid re-running this script phase.\necho \"SUCCESS\" > \"${SCRIPT_OUTPUT_FILE_0}\"\n";
			showEnvVarsInLog = 0;
		};
		DACEE4256446FD9D1DC0F1DF /* [CP] Embed Pods Frameworks */ = {
			isa = PBXShellScriptBuildPhase;
			buildActionMask = 2147483647;
			files = (
			);
			inputFileListPaths = (
				"${PODS_ROOT}/Target Support Files/Pods-FlixObjC-FlixObjCUITests/Pods-FlixObjC-FlixObjCUITests-frameworks-${CONFIGURATION}-input-files.xcfilelist",
			);
			name = "[CP] Embed Pods Frameworks";
			outputFileListPaths = (
				"${PODS_ROOT}/Target Support Files/Pods-FlixObjC-FlixObjCUITests/Pods-FlixObjC-FlixObjCUITests-frameworks-${CONFIGURATION}-output-files.xcfilelist",
			);
			runOnlyForDeploymentPostprocessing = 0;
			shellPath = /bin/sh;
			shellScript = "\"${PODS_ROOT}/Target Support Files/Pods-FlixObjC-FlixObjCUITests/Pods-FlixObjC-FlixObjCUITests-frameworks.sh\"\n";
			showEnvVarsInLog = 0;
		};
/* End PBXShellScriptBuildPhase section */

/* Begin PBXSourcesBuildPhase section */
		467091E5266DA309004962B4 /* Sources */ = {
			isa = PBXSourcesBuildPhase;
			buildActionMask = 2147483647;
			files = (
				467091EE266DA309004962B4 /* AppDelegate.m in Sources */,
				46709229266DB969004962B4 /* MovieCell.m in Sources */,
				467092382671E43F004962B4 /* TrailerViewController.m in Sources */,
				46709223266DAAD9004962B4 /* MoviesViewController.m in Sources */,
				467091FF266DA30B004962B4 /* main.m in Sources */,
				467092322671B142004962B4 /* MovieCollectionCell.m in Sources */,
				4670922C26716268004962B4 /* MovieDetailsViewController.m in Sources */,
				467092352671D43C004962B4 /* SearchCollectionReusableView.m in Sources */,
				467091F1266DA309004962B4 /* SceneDelegate.m in Sources */,
				4670922F2671AF2F004962B4 /* MoviesGridViewController.m in Sources */,
			);
			runOnlyForDeploymentPostprocessing = 0;
		};
		46709200266DA30C004962B4 /* Sources */ = {
			isa = PBXSourcesBuildPhase;
			buildActionMask = 2147483647;
			files = (
				46709209266DA30C004962B4 /* FlixObjCTests.m in Sources */,
			);
			runOnlyForDeploymentPostprocessing = 0;
		};
		4670920B266DA30C004962B4 /* Sources */ = {
			isa = PBXSourcesBuildPhase;
			buildActionMask = 2147483647;
			files = (
				46709214266DA30C004962B4 /* FlixObjCUITests.m in Sources */,
			);
			runOnlyForDeploymentPostprocessing = 0;
		};
/* End PBXSourcesBuildPhase section */

/* Begin PBXTargetDependency section */
		46709206266DA30C004962B4 /* PBXTargetDependency */ = {
			isa = PBXTargetDependency;
			target = 467091E8266DA309004962B4 /* FlixObjC */;
			targetProxy = 46709205266DA30C004962B4 /* PBXContainerItemProxy */;
		};
		46709211266DA30C004962B4 /* PBXTargetDependency */ = {
			isa = PBXTargetDependency;
			target = 467091E8266DA309004962B4 /* FlixObjC */;
			targetProxy = 46709210266DA30C004962B4 /* PBXContainerItemProxy */;
		};
/* End PBXTargetDependency section */

/* Begin PBXVariantGroup section */
		467091F5266DA309004962B4 /* Main.storyboard */ = {
			isa = PBXVariantGroup;
			children = (
				467091F6266DA309004962B4 /* Base */,
			);
			name = Main.storyboard;
			sourceTree = "<group>";
		};
		467091FA266DA30B004962B4 /* LaunchScreen.storyboard */ = {
			isa = PBXVariantGroup;
			children = (
				467091FB266DA30B004962B4 /* Base */,
			);
			name = LaunchScreen.storyboard;
			sourceTree = "<group>";
		};
/* End PBXVariantGroup section */

/* Begin XCBuildConfiguration section */
		46709216266DA30C004962B4 /* Debug */ = {
			isa = XCBuildConfiguration;
			buildSettings = {
				ALWAYS_SEARCH_USER_PATHS = NO;
				CLANG_ANALYZER_NONNULL = YES;
				CLANG_ANALYZER_NUMBER_OBJECT_CONVERSION = YES_AGGRESSIVE;
				CLANG_CXX_LANGUAGE_STANDARD = "gnu++14";
				CLANG_CXX_LIBRARY = "libc++";
				CLANG_ENABLE_MODULES = YES;
				CLANG_ENABLE_OBJC_ARC = YES;
				CLANG_ENABLE_OBJC_WEAK = YES;
				CLANG_WARN_BLOCK_CAPTURE_AUTORELEASING = YES;
				CLANG_WARN_BOOL_CONVERSION = YES;
				CLANG_WARN_COMMA = YES;
				CLANG_WARN_CONSTANT_CONVERSION = YES;
				CLANG_WARN_DEPRECATED_OBJC_IMPLEMENTATIONS = YES;
				CLANG_WARN_DIRECT_OBJC_ISA_USAGE = YES_ERROR;
				CLANG_WARN_DOCUMENTATION_COMMENTS = YES;
				CLANG_WARN_EMPTY_BODY = YES;
				CLANG_WARN_ENUM_CONVERSION = YES;
				CLANG_WARN_INFINITE_RECURSION = YES;
				CLANG_WARN_INT_CONVERSION = YES;
				CLANG_WARN_NON_LITERAL_NULL_CONVERSION = YES;
				CLANG_WARN_OBJC_IMPLICIT_RETAIN_SELF = YES;
				CLANG_WARN_OBJC_LITERAL_CONVERSION = YES;
				CLANG_WARN_OBJC_ROOT_CLASS = YES_ERROR;
				CLANG_WARN_QUOTED_INCLUDE_IN_FRAMEWORK_HEADER = YES;
				CLANG_WARN_RANGE_LOOP_ANALYSIS = YES;
				CLANG_WARN_STRICT_PROTOTYPES = YES;
				CLANG_WARN_SUSPICIOUS_MOVE = YES;
				CLANG_WARN_UNGUARDED_AVAILABILITY = YES_AGGRESSIVE;
				CLANG_WARN_UNREACHABLE_CODE = YES;
				CLANG_WARN__DUPLICATE_METHOD_MATCH = YES;
				COPY_PHASE_STRIP = NO;
				DEBUG_INFORMATION_FORMAT = dwarf;
				ENABLE_STRICT_OBJC_MSGSEND = YES;
				ENABLE_TESTABILITY = YES;
				GCC_C_LANGUAGE_STANDARD = gnu11;
				GCC_DYNAMIC_NO_PIC = NO;
				GCC_NO_COMMON_BLOCKS = YES;
				GCC_OPTIMIZATION_LEVEL = 0;
				GCC_PREPROCESSOR_DEFINITIONS = (
					"DEBUG=1",
					"$(inherited)",
				);
				GCC_WARN_64_TO_32_BIT_CONVERSION = YES;
				GCC_WARN_ABOUT_RETURN_TYPE = YES_ERROR;
				GCC_WARN_UNDECLARED_SELECTOR = YES;
				GCC_WARN_UNINITIALIZED_AUTOS = YES_AGGRESSIVE;
				GCC_WARN_UNUSED_FUNCTION = YES;
				GCC_WARN_UNUSED_VARIABLE = YES;
				IPHONEOS_DEPLOYMENT_TARGET = 14.5;
				MTL_ENABLE_DEBUG_INFO = INCLUDE_SOURCE;
				MTL_FAST_MATH = YES;
				ONLY_ACTIVE_ARCH = YES;
				SDKROOT = iphoneos;
			};
			name = Debug;
		};
		46709217266DA30C004962B4 /* Release */ = {
			isa = XCBuildConfiguration;
			buildSettings = {
				ALWAYS_SEARCH_USER_PATHS = NO;
				CLANG_ANALYZER_NONNULL = YES;
				CLANG_ANALYZER_NUMBER_OBJECT_CONVERSION = YES_AGGRESSIVE;
				CLANG_CXX_LANGUAGE_STANDARD = "gnu++14";
				CLANG_CXX_LIBRARY = "libc++";
				CLANG_ENABLE_MODULES = YES;
				CLANG_ENABLE_OBJC_ARC = YES;
				CLANG_ENABLE_OBJC_WEAK = YES;
				CLANG_WARN_BLOCK_CAPTURE_AUTORELEASING = YES;
				CLANG_WARN_BOOL_CONVERSION = YES;
				CLANG_WARN_COMMA = YES;
				CLANG_WARN_CONSTANT_CONVERSION = YES;
				CLANG_WARN_DEPRECATED_OBJC_IMPLEMENTATIONS = YES;
				CLANG_WARN_DIRECT_OBJC_ISA_USAGE = YES_ERROR;
				CLANG_WARN_DOCUMENTATION_COMMENTS = YES;
				CLANG_WARN_EMPTY_BODY = YES;
				CLANG_WARN_ENUM_CONVERSION = YES;
				CLANG_WARN_INFINITE_RECURSION = YES;
				CLANG_WARN_INT_CONVERSION = YES;
				CLANG_WARN_NON_LITERAL_NULL_CONVERSION = YES;
				CLANG_WARN_OBJC_IMPLICIT_RETAIN_SELF = YES;
				CLANG_WARN_OBJC_LITERAL_CONVERSION = YES;
				CLANG_WARN_OBJC_ROOT_CLASS = YES_ERROR;
				CLANG_WARN_QUOTED_INCLUDE_IN_FRAMEWORK_HEADER = YES;
				CLANG_WARN_RANGE_LOOP_ANALYSIS = YES;
				CLANG_WARN_STRICT_PROTOTYPES = YES;
				CLANG_WARN_SUSPICIOUS_MOVE = YES;
				CLANG_WARN_UNGUARDED_AVAILABILITY = YES_AGGRESSIVE;
				CLANG_WARN_UNREACHABLE_CODE = YES;
				CLANG_WARN__DUPLICATE_METHOD_MATCH = YES;
				COPY_PHASE_STRIP = NO;
				DEBUG_INFORMATION_FORMAT = "dwarf-with-dsym";
				ENABLE_NS_ASSERTIONS = NO;
				ENABLE_STRICT_OBJC_MSGSEND = YES;
				GCC_C_LANGUAGE_STANDARD = gnu11;
				GCC_NO_COMMON_BLOCKS = YES;
				GCC_WARN_64_TO_32_BIT_CONVERSION = YES;
				GCC_WARN_ABOUT_RETURN_TYPE = YES_ERROR;
				GCC_WARN_UNDECLARED_SELECTOR = YES;
				GCC_WARN_UNINITIALIZED_AUTOS = YES_AGGRESSIVE;
				GCC_WARN_UNUSED_FUNCTION = YES;
				GCC_WARN_UNUSED_VARIABLE = YES;
				IPHONEOS_DEPLOYMENT_TARGET = 14.5;
				MTL_ENABLE_DEBUG_INFO = NO;
				MTL_FAST_MATH = YES;
				SDKROOT = iphoneos;
				VALIDATE_PRODUCT = YES;
			};
			name = Release;
		};
		46709219266DA30C004962B4 /* Debug */ = {
			isa = XCBuildConfiguration;
			baseConfigurationReference = 7F0789AF926E0ABB2DBD282C /* Pods-FlixObjC.debug.xcconfig */;
			buildSettings = {
				ASSETCATALOG_COMPILER_APPICON_NAME = AppIcon;
				ASSETCATALOG_COMPILER_GLOBAL_ACCENT_COLOR_NAME = AccentColor;
				CODE_SIGN_STYLE = Automatic;
				DEVELOPMENT_TEAM = BZ8N568J5H;
				INFOPLIST_FILE = FlixObjC/Info.plist;
				LD_RUNPATH_SEARCH_PATHS = (
					"$(inherited)",
					"@executable_path/Frameworks",
				);
				PRODUCT_BUNDLE_IDENTIFIER = com.PriyaPahal.FlixObjC;
				PRODUCT_NAME = "$(TARGET_NAME)";
				TARGETED_DEVICE_FAMILY = "1,2";
			};
			name = Debug;
		};
		4670921A266DA30C004962B4 /* Release */ = {
			isa = XCBuildConfiguration;
			baseConfigurationReference = A865345D65AC91043055FE34 /* Pods-FlixObjC.release.xcconfig */;
			buildSettings = {
				ASSETCATALOG_COMPILER_APPICON_NAME = AppIcon;
				ASSETCATALOG_COMPILER_GLOBAL_ACCENT_COLOR_NAME = AccentColor;
				CODE_SIGN_STYLE = Automatic;
				DEVELOPMENT_TEAM = BZ8N568J5H;
				INFOPLIST_FILE = FlixObjC/Info.plist;
				LD_RUNPATH_SEARCH_PATHS = (
					"$(inherited)",
					"@executable_path/Frameworks",
				);
				PRODUCT_BUNDLE_IDENTIFIER = com.PriyaPahal.FlixObjC;
				PRODUCT_NAME = "$(TARGET_NAME)";
				TARGETED_DEVICE_FAMILY = "1,2";
			};
			name = Release;
		};
		4670921C266DA30C004962B4 /* Debug */ = {
			isa = XCBuildConfiguration;
			baseConfigurationReference = 6642A1FA6AB21AFEA6AD2A7D /* Pods-FlixObjCTests.debug.xcconfig */;
			buildSettings = {
				BUNDLE_LOADER = "$(TEST_HOST)";
				CODE_SIGN_STYLE = Automatic;
				DEVELOPMENT_TEAM = BZ8N568J5H;
				INFOPLIST_FILE = FlixObjCTests/Info.plist;
				IPHONEOS_DEPLOYMENT_TARGET = 14.5;
				LD_RUNPATH_SEARCH_PATHS = (
					"$(inherited)",
					"@executable_path/Frameworks",
					"@loader_path/Frameworks",
				);
				PRODUCT_BUNDLE_IDENTIFIER = com.PriyaPahal.FlixObjCTests;
				PRODUCT_NAME = "$(TARGET_NAME)";
				TARGETED_DEVICE_FAMILY = "1,2";
				TEST_HOST = "$(BUILT_PRODUCTS_DIR)/FlixObjC.app/FlixObjC";
			};
			name = Debug;
		};
		4670921D266DA30C004962B4 /* Release */ = {
			isa = XCBuildConfiguration;
			baseConfigurationReference = C2B0C8B6F4CE34B7667B76C1 /* Pods-FlixObjCTests.release.xcconfig */;
			buildSettings = {
				BUNDLE_LOADER = "$(TEST_HOST)";
				CODE_SIGN_STYLE = Automatic;
				DEVELOPMENT_TEAM = BZ8N568J5H;
				INFOPLIST_FILE = FlixObjCTests/Info.plist;
				IPHONEOS_DEPLOYMENT_TARGET = 14.5;
				LD_RUNPATH_SEARCH_PATHS = (
					"$(inherited)",
					"@executable_path/Frameworks",
					"@loader_path/Frameworks",
				);
				PRODUCT_BUNDLE_IDENTIFIER = com.PriyaPahal.FlixObjCTests;
				PRODUCT_NAME = "$(TARGET_NAME)";
				TARGETED_DEVICE_FAMILY = "1,2";
				TEST_HOST = "$(BUILT_PRODUCTS_DIR)/FlixObjC.app/FlixObjC";
			};
			name = Release;
		};
		4670921F266DA30C004962B4 /* Debug */ = {
			isa = XCBuildConfiguration;
			baseConfigurationReference = 0AA2B85ECE5D9667B07ACB51 /* Pods-FlixObjC-FlixObjCUITests.debug.xcconfig */;
			buildSettings = {
				CODE_SIGN_STYLE = Automatic;
				DEVELOPMENT_TEAM = BZ8N568J5H;
				INFOPLIST_FILE = FlixObjCUITests/Info.plist;
				LD_RUNPATH_SEARCH_PATHS = (
					"$(inherited)",
					"@executable_path/Frameworks",
					"@loader_path/Frameworks",
				);
				PRODUCT_BUNDLE_IDENTIFIER = com.PriyaPahal.FlixObjCUITests;
				PRODUCT_NAME = "$(TARGET_NAME)";
				TARGETED_DEVICE_FAMILY = "1,2";
				TEST_TARGET_NAME = FlixObjC;
			};
			name = Debug;
		};
		46709220266DA30C004962B4 /* Release */ = {
			isa = XCBuildConfiguration;
			baseConfigurationReference = 532DA082FC5A1B362A710ED2 /* Pods-FlixObjC-FlixObjCUITests.release.xcconfig */;
			buildSettings = {
				CODE_SIGN_STYLE = Automatic;
				DEVELOPMENT_TEAM = BZ8N568J5H;
				INFOPLIST_FILE = FlixObjCUITests/Info.plist;
				LD_RUNPATH_SEARCH_PATHS = (
					"$(inherited)",
					"@executable_path/Frameworks",
					"@loader_path/Frameworks",
				);
				PRODUCT_BUNDLE_IDENTIFIER = com.PriyaPahal.FlixObjCUITests;
				PRODUCT_NAME = "$(TARGET_NAME)";
				TARGETED_DEVICE_FAMILY = "1,2";
				TEST_TARGET_NAME = FlixObjC;
			};
			name = Release;
		};
/* End XCBuildConfiguration section */

/* Begin XCConfigurationList section */
		467091E4266DA309004962B4 /* Build configuration list for PBXProject "FlixObjC" */ = {
			isa = XCConfigurationList;
			buildConfigurations = (
				46709216266DA30C004962B4 /* Debug */,
				46709217266DA30C004962B4 /* Release */,
			);
			defaultConfigurationIsVisible = 0;
			defaultConfigurationName = Release;
		};
		46709218266DA30C004962B4 /* Build configuration list for PBXNativeTarget "FlixObjC" */ = {
			isa = XCConfigurationList;
			buildConfigurations = (
				46709219266DA30C004962B4 /* Debug */,
				4670921A266DA30C004962B4 /* Release */,
			);
			defaultConfigurationIsVisible = 0;
			defaultConfigurationName = Release;
		};
		4670921B266DA30C004962B4 /* Build configuration list for PBXNativeTarget "FlixObjCTests" */ = {
			isa = XCConfigurationList;
			buildConfigurations = (
				4670921C266DA30C004962B4 /* Debug */,
				4670921D266DA30C004962B4 /* Release */,
			);
			defaultConfigurationIsVisible = 0;
			defaultConfigurationName = Release;
		};
		4670921E266DA30C004962B4 /* Build configuration list for PBXNativeTarget "FlixObjCUITests" */ = {
			isa = XCConfigurationList;
			buildConfigurations = (
				4670921F266DA30C004962B4 /* Debug */,
				46709220266DA30C004962B4 /* Release */,
			);
			defaultConfigurationIsVisible = 0;
			defaultConfigurationName = Release;
		};
/* End XCConfigurationList section */
	};
	rootObject = 467091E1266DA309004962B4 /* Project object */;
}
